// !$*UTF8*$!
{
	archiveVersion = 1;
	classes = {
	};
	objectVersion = 46;
	objects = {

/* Begin PBXBuildFile section */
		730225FE1746087A0084185D /* AvatarStore.m in Sources */ = {isa = PBXBuildFile; fileRef = 730225FD1746087A0084185D /* AvatarStore.m */; };
		73022601174608F00084185D /* GravatarCommunicator.m in Sources */ = {isa = PBXBuildFile; fileRef = 73022600174608F00084185D /* GravatarCommunicator.m */; };
		73022606174614990084185D /* MockStackOverflowManagerDelegate.m in Sources */ = {isa = PBXBuildFile; fileRef = 73022605174614990084185D /* MockStackOverflowManagerDelegate.m */; };
		7302260917461CAB0084185D /* JohnDoe.png in Resources */ = {isa = PBXBuildFile; fileRef = 7302260717461CAB0084185D /* JohnDoe.png */; };
		7302260A17461CAB0084185D /* JohnDoe@2x.png in Resources */ = {isa = PBXBuildFile; fileRef = 7302260817461CAB0084185D /* JohnDoe@2x.png */; };
		7302260B17461CB90084185D /* JohnDoe.png in Resources */ = {isa = PBXBuildFile; fileRef = 7302260717461CAB0084185D /* JohnDoe.png */; };
		7302260C17461CBD0084185D /* JohnDoe@2x.png in Resources */ = {isa = PBXBuildFile; fileRef = 7302260817461CAB0084185D /* JohnDoe@2x.png */; };
		7302260E17461EB60084185D /* AvatarStoreTest.m in Sources */ = {isa = PBXBuildFile; fileRef = 7302260D17461EB60084185D /* AvatarStoreTest.m */; };
		7312B8F4173A6B91009968F3 /* StackOverflowCommunicatorTest.m in Sources */ = {isa = PBXBuildFile; fileRef = 7312B8F3173A6B91009968F3 /* StackOverflowCommunicatorTest.m */; };
		732F168C1733A11D006FEFA9 /* QuestionBuilderTest.m in Sources */ = {isa = PBXBuildFile; fileRef = 732F168B1733A11D006FEFA9 /* QuestionBuilderTest.m */; };
		734D0D381744F6860038F83C /* README.textile in Resources */ = {isa = PBXBuildFile; fileRef = 734D0D371744F6860038F83C /* README.textile */; };
		735FE176172E5542007AF6BB /* UIKit.framework in Frameworks */ = {isa = PBXBuildFile; fileRef = 735FE175172E5542007AF6BB /* UIKit.framework */; };
		735FE178172E5542007AF6BB /* Foundation.framework in Frameworks */ = {isa = PBXBuildFile; fileRef = 735FE177172E5542007AF6BB /* Foundation.framework */; };
		735FE17A172E5542007AF6BB /* CoreGraphics.framework in Frameworks */ = {isa = PBXBuildFile; fileRef = 735FE179172E5542007AF6BB /* CoreGraphics.framework */; };
		735FE180172E5542007AF6BB /* InfoPlist.strings in Resources */ = {isa = PBXBuildFile; fileRef = 735FE17E172E5542007AF6BB /* InfoPlist.strings */; };
		735FE182172E5542007AF6BB /* main.m in Sources */ = {isa = PBXBuildFile; fileRef = 735FE181172E5542007AF6BB /* main.m */; };
		735FE186172E5542007AF6BB /* AppDelegate.m in Sources */ = {isa = PBXBuildFile; fileRef = 735FE185172E5542007AF6BB /* AppDelegate.m */; };
		735FE188172E5542007AF6BB /* Default.png in Resources */ = {isa = PBXBuildFile; fileRef = 735FE187172E5542007AF6BB /* Default.png */; };
		735FE18A172E5542007AF6BB /* Default@2x.png in Resources */ = {isa = PBXBuildFile; fileRef = 735FE189172E5542007AF6BB /* Default@2x.png */; };
		735FE18C172E5542007AF6BB /* Default-568h@2x.png in Resources */ = {isa = PBXBuildFile; fileRef = 735FE18B172E5542007AF6BB /* Default-568h@2x.png */; };
		735FE18F172E5542007AF6BB /* MainStoryboard.storyboard in Resources */ = {isa = PBXBuildFile; fileRef = 735FE18D172E5542007AF6BB /* MainStoryboard.storyboard */; };
		735FE192172E5542007AF6BB /* BrowseOverflowViewController.m in Sources */ = {isa = PBXBuildFile; fileRef = 735FE191172E5542007AF6BB /* BrowseOverflowViewController.m */; };
		735FE195172E5542007AF6BB /* DetailViewController.m in Sources */ = {isa = PBXBuildFile; fileRef = 735FE194172E5542007AF6BB /* DetailViewController.m */; };
		735FE19D172E5542007AF6BB /* SenTestingKit.framework in Frameworks */ = {isa = PBXBuildFile; fileRef = 735FE19C172E5542007AF6BB /* SenTestingKit.framework */; };
		735FE19E172E5542007AF6BB /* UIKit.framework in Frameworks */ = {isa = PBXBuildFile; fileRef = 735FE175172E5542007AF6BB /* UIKit.framework */; };
		735FE19F172E5542007AF6BB /* Foundation.framework in Frameworks */ = {isa = PBXBuildFile; fileRef = 735FE177172E5542007AF6BB /* Foundation.framework */; };
		735FE1A7172E5542007AF6BB /* InfoPlist.strings in Resources */ = {isa = PBXBuildFile; fileRef = 735FE1A5172E5542007AF6BB /* InfoPlist.strings */; };
		735FE1B4172E55AA007AF6BB /* OCHamcrestIOS.framework in Frameworks */ = {isa = PBXBuildFile; fileRef = 735FE1B3172E55AA007AF6BB /* OCHamcrestIOS.framework */; };
		735FE1B6172E55BF007AF6BB /* OCMockitoIOS.framework in Frameworks */ = {isa = PBXBuildFile; fileRef = 735FE1B5172E55BF007AF6BB /* OCMockitoIOS.framework */; };
		735FE1B8172E55FB007AF6BB /* TopicTest.m in Sources */ = {isa = PBXBuildFile; fileRef = 735FE1B7172E55FB007AF6BB /* TopicTest.m */; };
		735FE1BB172E565B007AF6BB /* Topic.m in Sources */ = {isa = PBXBuildFile; fileRef = 735FE1BA172E565B007AF6BB /* Topic.m */; };
		735FE1BD172E6444007AF6BB /* QuestionTest.m in Sources */ = {isa = PBXBuildFile; fileRef = 735FE1BC172E6444007AF6BB /* QuestionTest.m */; };
		735FE1C0172E6468007AF6BB /* Question.m in Sources */ = {isa = PBXBuildFile; fileRef = 735FE1BF172E6468007AF6BB /* Question.m */; };
		735FE1C5172E727C007AF6BB /* Person.m in Sources */ = {isa = PBXBuildFile; fileRef = 735FE1C4172E727C007AF6BB /* Person.m */; };
		735FE1C7172E7284007AF6BB /* PersonTest.m in Sources */ = {isa = PBXBuildFile; fileRef = 735FE1C6172E7284007AF6BB /* PersonTest.m */; };
		735FE1C9172EA712007AF6BB /* AnswerTest.m in Sources */ = {isa = PBXBuildFile; fileRef = 735FE1C8172EA712007AF6BB /* AnswerTest.m */; };
		735FE1CC172EA71B007AF6BB /* Answer.m in Sources */ = {isa = PBXBuildFile; fileRef = 735FE1CB172EA71B007AF6BB /* Answer.m */; };
		736F68601746292D008459E5 /* AvatarStore+TestExtension.m in Sources */ = {isa = PBXBuildFile; fileRef = 736F685F1746292D008459E5 /* AvatarStore+TestExtension.m */; };
		73705ECD1742201000A0B87D /* TopicTableProvider.m in Sources */ = {isa = PBXBuildFile; fileRef = 73705ECC1742201000A0B87D /* TopicTableProvider.m */; };
		73705ECF1742210A00A0B87D /* TopicTableProviderTest.m in Sources */ = {isa = PBXBuildFile; fileRef = 73705ECE1742210A00A0B87D /* TopicTableProviderTest.m */; };
		73705ED31742504100A0B87D /* QuestionTableProvider.m in Sources */ = {isa = PBXBuildFile; fileRef = 73705ED21742504100A0B87D /* QuestionTableProvider.m */; };
		73705ED61742551600A0B87D /* QuestionTableProviderTest.m in Sources */ = {isa = PBXBuildFile; fileRef = 73705ED51742551600A0B87D /* QuestionTableProviderTest.m */; };
		73705ED917428E4800A0B87D /* QuestionSummaryCell.m in Sources */ = {isa = PBXBuildFile; fileRef = 73705ED817428E4800A0B87D /* QuestionSummaryCell.m */; };
		73705EDB1742904100A0B87D /* QuestionSummaryCellTest.m in Sources */ = {isa = PBXBuildFile; fileRef = 73705EDA1742904100A0B87D /* QuestionSummaryCellTest.m */; };
		73B352B5172F9A8100C9EDB8 /* QuestionCreationWorkflowTest.m in Sources */ = {isa = PBXBuildFile; fileRef = 73B352B4172F9A8100C9EDB8 /* QuestionCreationWorkflowTest.m */; };
		73B352B8172F9AA600C9EDB8 /* StackOverflowManager.m in Sources */ = {isa = PBXBuildFile; fileRef = 73B352B7172F9AA600C9EDB8 /* StackOverflowManager.m */; };
		73B352BB172FAD1200C9EDB8 /* StackOverflowCommunicator.m in Sources */ = {isa = PBXBuildFile; fileRef = 73B352BA172FAD1200C9EDB8 /* StackOverflowCommunicator.m */; };
		73B352C1172FCE5C00C9EDB8 /* QuestionBuilder.m in Sources */ = {isa = PBXBuildFile; fileRef = 73B352C0172FCE5C00C9EDB8 /* QuestionBuilder.m */; };
		73C12EAE1740CC53005BDD1E /* NoNetworkStackOverflowCommunicator.m in Sources */ = {isa = PBXBuildFile; fileRef = 73082BD51740C8CC00EAC78D /* NoNetworkStackOverflowCommunicator.m */; };
		73EB3F3D174B50D5009380D7 /* GravatarCommunicatorTest.m in Sources */ = {isa = PBXBuildFile; fileRef = 73EB3F3C174B50D5009380D7 /* GravatarCommunicatorTest.m */; };
		73EB3F40174B99A6009380D7 /* QuestionDetailProvider.m in Sources */ = {isa = PBXBuildFile; fileRef = 73EB3F3F174B99A6009380D7 /* QuestionDetailProvider.m */; };
		73EB3F42174B99BC009380D7 /* QuestionDetailProviderTest.m in Sources */ = {isa = PBXBuildFile; fileRef = 73EB3F41174B99BB009380D7 /* QuestionDetailProviderTest.m */; };
		73EB3F45174BA005009380D7 /* QuestionDetailCell.m in Sources */ = {isa = PBXBuildFile; fileRef = 73EB3F44174BA004009380D7 /* QuestionDetailCell.m */; };
		73EB3F47174BA048009380D7 /* QuestionDetailCellTest.m in Sources */ = {isa = PBXBuildFile; fileRef = 73EB3F46174BA048009380D7 /* QuestionDetailCellTest.m */; };
		73EB3F4A174BAA72009380D7 /* AnswerCell.m in Sources */ = {isa = PBXBuildFile; fileRef = 73EB3F49174BAA72009380D7 /* AnswerCell.m */; };
		73EB3F4C174BAA89009380D7 /* AnswerCellTest.m in Sources */ = {isa = PBXBuildFile; fileRef = 73EB3F4B174BAA89009380D7 /* AnswerCellTest.m */; };
		73F3EE2B174C9E8900FE177F /* BrowseOverflowAppDelegateTest.m in Sources */ = {isa = PBXBuildFile; fileRef = 73F3EE2A174C9E8900FE177F /* BrowseOverflowAppDelegateTest.m */; };
		73F3EE32174CF56300FE177F /* Question+TestExtension.m in Sources */ = {isa = PBXBuildFile; fileRef = 73F3EE31174CF56300FE177F /* Question+TestExtension.m */; };
		73FCA0C6174100B3005F27CD /* BrowseOverflowViewControllerTest.m in Sources */ = {isa = PBXBuildFile; fileRef = 73FCA0C5174100B3005F27CD /* BrowseOverflowViewControllerTest.m */; };
/* End PBXBuildFile section */

/* Begin PBXContainerItemProxy section */
		735FE1A0172E5542007AF6BB /* PBXContainerItemProxy */ = {
			isa = PBXContainerItemProxy;
			containerPortal = 735FE16A172E5542007AF6BB /* Project object */;
			proxyType = 1;
			remoteGlobalIDString = 735FE171172E5542007AF6BB;
			remoteInfo = BrowseOverflow;
		};
/* End PBXContainerItemProxy section */

/* Begin PBXFileReference section */
		730225FC1746087A0084185D /* AvatarStore.h */ = {isa = PBXFileReference; fileEncoding = 4; lastKnownFileType = sourcecode.c.h; path = AvatarStore.h; sourceTree = "<group>"; };
		730225FD1746087A0084185D /* AvatarStore.m */ = {isa = PBXFileReference; fileEncoding = 4; lastKnownFileType = sourcecode.c.objc; path = AvatarStore.m; sourceTree = "<group>"; };
		730225FF174608F00084185D /* GravatarCommunicator.h */ = {isa = PBXFileReference; fileEncoding = 4; lastKnownFileType = sourcecode.c.h; path = GravatarCommunicator.h; sourceTree = "<group>"; };
		73022600174608F00084185D /* GravatarCommunicator.m */ = {isa = PBXFileReference; fileEncoding = 4; lastKnownFileType = sourcecode.c.objc; path = GravatarCommunicator.m; sourceTree = "<group>"; };
		7302260217460B020084185D /* GravatarCommunicatorDelegate.h */ = {isa = PBXFileReference; lastKnownFileType = sourcecode.c.h; path = GravatarCommunicatorDelegate.h; sourceTree = "<group>"; };
		7302260317460EC30084185D /* StackOverflowCommunicatorDelegate.h */ = {isa = PBXFileReference; lastKnownFileType = sourcecode.c.h; path = StackOverflowCommunicatorDelegate.h; sourceTree = "<group>"; };
		73022604174614990084185D /* MockStackOverflowManagerDelegate.h */ = {isa = PBXFileReference; fileEncoding = 4; lastKnownFileType = sourcecode.c.h; path = MockStackOverflowManagerDelegate.h; sourceTree = "<group>"; };
		73022605174614990084185D /* MockStackOverflowManagerDelegate.m */ = {isa = PBXFileReference; fileEncoding = 4; lastKnownFileType = sourcecode.c.objc; path = MockStackOverflowManagerDelegate.m; sourceTree = "<group>"; };
		7302260717461CAB0084185D /* JohnDoe.png */ = {isa = PBXFileReference; lastKnownFileType = image.png; name = JohnDoe.png; path = Artwork/JohnDoe.png; sourceTree = "<group>"; };
		7302260817461CAB0084185D /* JohnDoe@2x.png */ = {isa = PBXFileReference; lastKnownFileType = image.png; name = "JohnDoe@2x.png"; path = "Artwork/JohnDoe@2x.png"; sourceTree = "<group>"; };
		7302260D17461EB60084185D /* AvatarStoreTest.m */ = {isa = PBXFileReference; fileEncoding = 4; lastKnownFileType = sourcecode.c.objc; path = AvatarStoreTest.m; sourceTree = "<group>"; };
		73082BD41740C8CC00EAC78D /* NoNetworkStackOverflowCommunicator.h */ = {isa = PBXFileReference; fileEncoding = 4; lastKnownFileType = sourcecode.c.h; path = NoNetworkStackOverflowCommunicator.h; sourceTree = "<group>"; };
		73082BD51740C8CC00EAC78D /* NoNetworkStackOverflowCommunicator.m */ = {isa = PBXFileReference; fileEncoding = 4; lastKnownFileType = sourcecode.c.objc; path = NoNetworkStackOverflowCommunicator.m; sourceTree = "<group>"; };
		7312B8F3173A6B91009968F3 /* StackOverflowCommunicatorTest.m */ = {isa = PBXFileReference; fileEncoding = 4; lastKnownFileType = sourcecode.c.objc; path = StackOverflowCommunicatorTest.m; sourceTree = "<group>"; };
		732F168B1733A11D006FEFA9 /* QuestionBuilderTest.m */ = {isa = PBXFileReference; fileEncoding = 4; lastKnownFileType = sourcecode.c.objc; path = QuestionBuilderTest.m; sourceTree = "<group>"; };
		734D0D371744F6860038F83C /* README.textile */ = {isa = PBXFileReference; fileEncoding = 4; lastKnownFileType = text; path = README.textile; sourceTree = "<group>"; };
		735FE172172E5542007AF6BB /* BrowseOverflow.app */ = {isa = PBXFileReference; explicitFileType = wrapper.application; includeInIndex = 0; path = BrowseOverflow.app; sourceTree = BUILT_PRODUCTS_DIR; };
		735FE175172E5542007AF6BB /* UIKit.framework */ = {isa = PBXFileReference; lastKnownFileType = wrapper.framework; name = UIKit.framework; path = System/Library/Frameworks/UIKit.framework; sourceTree = SDKROOT; };
		735FE177172E5542007AF6BB /* Foundation.framework */ = {isa = PBXFileReference; lastKnownFileType = wrapper.framework; name = Foundation.framework; path = System/Library/Frameworks/Foundation.framework; sourceTree = SDKROOT; };
		735FE179172E5542007AF6BB /* CoreGraphics.framework */ = {isa = PBXFileReference; lastKnownFileType = wrapper.framework; name = CoreGraphics.framework; path = System/Library/Frameworks/CoreGraphics.framework; sourceTree = SDKROOT; };
		735FE17D172E5542007AF6BB /* BrowseOverflow-Info.plist */ = {isa = PBXFileReference; lastKnownFileType = text.plist.xml; path = "BrowseOverflow-Info.plist"; sourceTree = "<group>"; };
		735FE17F172E5542007AF6BB /* en */ = {isa = PBXFileReference; lastKnownFileType = text.plist.strings; name = en; path = en.lproj/InfoPlist.strings; sourceTree = "<group>"; };
		735FE181172E5542007AF6BB /* main.m */ = {isa = PBXFileReference; lastKnownFileType = sourcecode.c.objc; path = main.m; sourceTree = "<group>"; };
		735FE183172E5542007AF6BB /* BrowseOverflow-Prefix.pch */ = {isa = PBXFileReference; lastKnownFileType = sourcecode.c.h; path = "BrowseOverflow-Prefix.pch"; sourceTree = "<group>"; };
		735FE184172E5542007AF6BB /* AppDelegate.h */ = {isa = PBXFileReference; lastKnownFileType = sourcecode.c.h; path = AppDelegate.h; sourceTree = "<group>"; };
		735FE185172E5542007AF6BB /* AppDelegate.m */ = {isa = PBXFileReference; lastKnownFileType = sourcecode.c.objc; path = AppDelegate.m; sourceTree = "<group>"; };
		735FE187172E5542007AF6BB /* Default.png */ = {isa = PBXFileReference; lastKnownFileType = image.png; path = Default.png; sourceTree = "<group>"; };
		735FE189172E5542007AF6BB /* Default@2x.png */ = {isa = PBXFileReference; lastKnownFileType = image.png; path = "Default@2x.png"; sourceTree = "<group>"; };
		735FE18B172E5542007AF6BB /* Default-568h@2x.png */ = {isa = PBXFileReference; lastKnownFileType = image.png; path = "Default-568h@2x.png"; sourceTree = "<group>"; };
		735FE18E172E5542007AF6BB /* en */ = {isa = PBXFileReference; lastKnownFileType = file.storyboard; name = en; path = en.lproj/MainStoryboard.storyboard; sourceTree = "<group>"; };
		735FE190172E5542007AF6BB /* BrowseOverflowViewController.h */ = {isa = PBXFileReference; lastKnownFileType = sourcecode.c.h; path = BrowseOverflowViewController.h; sourceTree = "<group>"; };
		735FE191172E5542007AF6BB /* BrowseOverflowViewController.m */ = {isa = PBXFileReference; lastKnownFileType = sourcecode.c.objc; path = BrowseOverflowViewController.m; sourceTree = "<group>"; };
		735FE193172E5542007AF6BB /* DetailViewController.h */ = {isa = PBXFileReference; lastKnownFileType = sourcecode.c.h; path = DetailViewController.h; sourceTree = "<group>"; };
		735FE194172E5542007AF6BB /* DetailViewController.m */ = {isa = PBXFileReference; lastKnownFileType = sourcecode.c.objc; path = DetailViewController.m; sourceTree = "<group>"; };
		735FE19B172E5542007AF6BB /* BrowseOverflowTests.octest */ = {isa = PBXFileReference; explicitFileType = wrapper.cfbundle; includeInIndex = 0; path = BrowseOverflowTests.octest; sourceTree = BUILT_PRODUCTS_DIR; };
		735FE19C172E5542007AF6BB /* SenTestingKit.framework */ = {isa = PBXFileReference; lastKnownFileType = wrapper.framework; name = SenTestingKit.framework; path = Library/Frameworks/SenTestingKit.framework; sourceTree = DEVELOPER_DIR; };
		735FE1A4172E5542007AF6BB /* BrowseOverflowTests-Info.plist */ = {isa = PBXFileReference; lastKnownFileType = text.plist.xml; path = "BrowseOverflowTests-Info.plist"; sourceTree = "<group>"; };
		735FE1A6172E5542007AF6BB /* en */ = {isa = PBXFileReference; lastKnownFileType = text.plist.strings; name = en; path = en.lproj/InfoPlist.strings; sourceTree = "<group>"; };
		735FE1B3172E55AA007AF6BB /* OCHamcrestIOS.framework */ = {isa = PBXFileReference; lastKnownFileType = wrapper.framework; name = OCHamcrestIOS.framework; path = "../../Helper/OCHamcrest-2.0.0/OCHamcrestIOS.framework"; sourceTree = "<group>"; };
		735FE1B5172E55BF007AF6BB /* OCMockitoIOS.framework */ = {isa = PBXFileReference; lastKnownFileType = wrapper.framework; name = OCMockitoIOS.framework; path = "../../Helper/OCMockito-0.23/OCMockitoIOS.framework"; sourceTree = "<group>"; };
		735FE1B7172E55FB007AF6BB /* TopicTest.m */ = {isa = PBXFileReference; fileEncoding = 4; lastKnownFileType = sourcecode.c.objc; path = TopicTest.m; sourceTree = "<group>"; };
		735FE1B9172E565B007AF6BB /* Topic.h */ = {isa = PBXFileReference; fileEncoding = 4; lastKnownFileType = sourcecode.c.h; path = Topic.h; sourceTree = "<group>"; };
		735FE1BA172E565B007AF6BB /* Topic.m */ = {isa = PBXFileReference; fileEncoding = 4; lastKnownFileType = sourcecode.c.objc; path = Topic.m; sourceTree = "<group>"; };
		735FE1BC172E6444007AF6BB /* QuestionTest.m */ = {isa = PBXFileReference; fileEncoding = 4; lastKnownFileType = sourcecode.c.objc; path = QuestionTest.m; sourceTree = "<group>"; };
		735FE1BE172E6468007AF6BB /* Question.h */ = {isa = PBXFileReference; fileEncoding = 4; lastKnownFileType = sourcecode.c.h; path = Question.h; sourceTree = "<group>"; };
		735FE1BF172E6468007AF6BB /* Question.m */ = {isa = PBXFileReference; fileEncoding = 4; lastKnownFileType = sourcecode.c.objc; path = Question.m; sourceTree = "<group>"; };
		735FE1C3172E727C007AF6BB /* Person.h */ = {isa = PBXFileReference; fileEncoding = 4; lastKnownFileType = sourcecode.c.h; path = Person.h; sourceTree = "<group>"; };
		735FE1C4172E727C007AF6BB /* Person.m */ = {isa = PBXFileReference; fileEncoding = 4; lastKnownFileType = sourcecode.c.objc; path = Person.m; sourceTree = "<group>"; };
		735FE1C6172E7284007AF6BB /* PersonTest.m */ = {isa = PBXFileReference; fileEncoding = 4; lastKnownFileType = sourcecode.c.objc; path = PersonTest.m; sourceTree = "<group>"; };
		735FE1C8172EA712007AF6BB /* AnswerTest.m */ = {isa = PBXFileReference; fileEncoding = 4; lastKnownFileType = sourcecode.c.objc; path = AnswerTest.m; sourceTree = "<group>"; };
		735FE1CA172EA71B007AF6BB /* Answer.h */ = {isa = PBXFileReference; fileEncoding = 4; lastKnownFileType = sourcecode.c.h; path = Answer.h; sourceTree = "<group>"; };
		735FE1CB172EA71B007AF6BB /* Answer.m */ = {isa = PBXFileReference; fileEncoding = 4; lastKnownFileType = sourcecode.c.objc; path = Answer.m; sourceTree = "<group>"; };
		736F685E1746292D008459E5 /* AvatarStore+TestExtension.h */ = {isa = PBXFileReference; fileEncoding = 4; lastKnownFileType = sourcecode.c.h; path = "AvatarStore+TestExtension.h"; sourceTree = "<group>"; };
		736F685F1746292D008459E5 /* AvatarStore+TestExtension.m */ = {isa = PBXFileReference; fileEncoding = 4; lastKnownFileType = sourcecode.c.objc; path = "AvatarStore+TestExtension.m"; sourceTree = "<group>"; };
		73705ECB1742201000A0B87D /* TopicTableProvider.h */ = {isa = PBXFileReference; fileEncoding = 4; lastKnownFileType = sourcecode.c.h; path = TopicTableProvider.h; sourceTree = "<group>"; };
		73705ECC1742201000A0B87D /* TopicTableProvider.m */ = {isa = PBXFileReference; fileEncoding = 4; lastKnownFileType = sourcecode.c.objc; path = TopicTableProvider.m; sourceTree = "<group>"; };
		73705ECE1742210A00A0B87D /* TopicTableProviderTest.m */ = {isa = PBXFileReference; fileEncoding = 4; lastKnownFileType = sourcecode.c.objc; path = TopicTableProviderTest.m; sourceTree = "<group>"; };
		73705ED11742504100A0B87D /* QuestionTableProvider.h */ = {isa = PBXFileReference; fileEncoding = 4; lastKnownFileType = sourcecode.c.h; path = QuestionTableProvider.h; sourceTree = "<group>"; };
		73705ED21742504100A0B87D /* QuestionTableProvider.m */ = {isa = PBXFileReference; fileEncoding = 4; lastKnownFileType = sourcecode.c.objc; path = QuestionTableProvider.m; sourceTree = "<group>"; };
		73705ED51742551600A0B87D /* QuestionTableProviderTest.m */ = {isa = PBXFileReference; fileEncoding = 4; lastKnownFileType = sourcecode.c.objc; path = QuestionTableProviderTest.m; sourceTree = "<group>"; };
		73705ED717428E4800A0B87D /* QuestionSummaryCell.h */ = {isa = PBXFileReference; fileEncoding = 4; lastKnownFileType = sourcecode.c.h; path = QuestionSummaryCell.h; sourceTree = "<group>"; };
		73705ED817428E4800A0B87D /* QuestionSummaryCell.m */ = {isa = PBXFileReference; fileEncoding = 4; lastKnownFileType = sourcecode.c.objc; path = QuestionSummaryCell.m; sourceTree = "<group>"; };
		73705EDA1742904100A0B87D /* QuestionSummaryCellTest.m */ = {isa = PBXFileReference; fileEncoding = 4; lastKnownFileType = sourcecode.c.objc; path = QuestionSummaryCellTest.m; sourceTree = "<group>"; };
		73B352B4172F9A8100C9EDB8 /* QuestionCreationWorkflowTest.m */ = {isa = PBXFileReference; fileEncoding = 4; lastKnownFileType = sourcecode.c.objc; path = QuestionCreationWorkflowTest.m; sourceTree = "<group>"; };
		73B352B6172F9AA600C9EDB8 /* StackOverflowManager.h */ = {isa = PBXFileReference; fileEncoding = 4; lastKnownFileType = sourcecode.c.h; path = StackOverflowManager.h; sourceTree = "<group>"; };
		73B352B7172F9AA600C9EDB8 /* StackOverflowManager.m */ = {isa = PBXFileReference; fileEncoding = 4; lastKnownFileType = sourcecode.c.objc; path = StackOverflowManager.m; sourceTree = "<group>"; };
		73B352B9172FAD1200C9EDB8 /* StackOverflowCommunicator.h */ = {isa = PBXFileReference; fileEncoding = 4; lastKnownFileType = sourcecode.c.h; path = StackOverflowCommunicator.h; sourceTree = "<group>"; };
		73B352BA172FAD1200C9EDB8 /* StackOverflowCommunicator.m */ = {isa = PBXFileReference; fileEncoding = 4; lastKnownFileType = sourcecode.c.objc; path = StackOverflowCommunicator.m; sourceTree = "<group>"; };
		73B352BC172FB54D00C9EDB8 /* StackOverflowManagerDelegate.h */ = {isa = PBXFileReference; fileEncoding = 4; lastKnownFileType = sourcecode.c.h; path = StackOverflowManagerDelegate.h; sourceTree = "<group>"; };
		73B352BF172FCE5C00C9EDB8 /* QuestionBuilder.h */ = {isa = PBXFileReference; fileEncoding = 4; lastKnownFileType = sourcecode.c.h; path = QuestionBuilder.h; sourceTree = "<group>"; };
		73B352C0172FCE5C00C9EDB8 /* QuestionBuilder.m */ = {isa = PBXFileReference; fileEncoding = 4; lastKnownFileType = sourcecode.c.objc; path = QuestionBuilder.m; sourceTree = "<group>"; };
		73EB3F3C174B50D5009380D7 /* GravatarCommunicatorTest.m */ = {isa = PBXFileReference; fileEncoding = 4; lastKnownFileType = sourcecode.c.objc; path = GravatarCommunicatorTest.m; sourceTree = "<group>"; };
		73EB3F3E174B99A6009380D7 /* QuestionDetailProvider.h */ = {isa = PBXFileReference; fileEncoding = 4; lastKnownFileType = sourcecode.c.h; path = QuestionDetailProvider.h; sourceTree = "<group>"; };
		73EB3F3F174B99A6009380D7 /* QuestionDetailProvider.m */ = {isa = PBXFileReference; fileEncoding = 4; lastKnownFileType = sourcecode.c.objc; path = QuestionDetailProvider.m; sourceTree = "<group>"; };
		73EB3F41174B99BB009380D7 /* QuestionDetailProviderTest.m */ = {isa = PBXFileReference; fileEncoding = 4; lastKnownFileType = sourcecode.c.objc; path = QuestionDetailProviderTest.m; sourceTree = "<group>"; };
		73EB3F43174BA004009380D7 /* QuestionDetailCell.h */ = {isa = PBXFileReference; fileEncoding = 4; lastKnownFileType = sourcecode.c.h; path = QuestionDetailCell.h; sourceTree = "<group>"; };
		73EB3F44174BA004009380D7 /* QuestionDetailCell.m */ = {isa = PBXFileReference; fileEncoding = 4; lastKnownFileType = sourcecode.c.objc; path = QuestionDetailCell.m; sourceTree = "<group>"; };
		73EB3F46174BA048009380D7 /* QuestionDetailCellTest.m */ = {isa = PBXFileReference; fileEncoding = 4; lastKnownFileType = sourcecode.c.objc; path = QuestionDetailCellTest.m; sourceTree = "<group>"; };
		73EB3F48174BAA72009380D7 /* AnswerCell.h */ = {isa = PBXFileReference; fileEncoding = 4; lastKnownFileType = sourcecode.c.h; path = AnswerCell.h; sourceTree = "<group>"; };
		73EB3F49174BAA72009380D7 /* AnswerCell.m */ = {isa = PBXFileReference; fileEncoding = 4; lastKnownFileType = sourcecode.c.objc; path = AnswerCell.m; sourceTree = "<group>"; };
		73EB3F4B174BAA89009380D7 /* AnswerCellTest.m */ = {isa = PBXFileReference; fileEncoding = 4; lastKnownFileType = sourcecode.c.objc; path = AnswerCellTest.m; sourceTree = "<group>"; };
		73F3EE2A174C9E8900FE177F /* BrowseOverflowAppDelegateTest.m */ = {isa = PBXFileReference; fileEncoding = 4; lastKnownFileType = sourcecode.c.objc; path = BrowseOverflowAppDelegateTest.m; sourceTree = "<group>"; };
		73F3EE2C174CAA0200FE177F /* BrowseOverflowDelegate.h */ = {isa = PBXFileReference; lastKnownFileType = sourcecode.c.h; path = BrowseOverflowDelegate.h; sourceTree = "<group>"; };
		73F3EE30174CF56300FE177F /* Question+TestExtension.h */ = {isa = PBXFileReference; fileEncoding = 4; lastKnownFileType = sourcecode.c.h; path = "Question+TestExtension.h"; sourceTree = "<group>"; };
		73F3EE31174CF56300FE177F /* Question+TestExtension.m */ = {isa = PBXFileReference; fileEncoding = 4; lastKnownFileType = sourcecode.c.objc; path = "Question+TestExtension.m"; sourceTree = "<group>"; };
		73FCA0C5174100B3005F27CD /* BrowseOverflowViewControllerTest.m */ = {isa = PBXFileReference; fileEncoding = 4; lastKnownFileType = sourcecode.c.objc; path = BrowseOverflowViewControllerTest.m; sourceTree = "<group>"; };
/* End PBXFileReference section */

/* Begin PBXFrameworksBuildPhase section */
		735FE16F172E5542007AF6BB /* Frameworks */ = {
			isa = PBXFrameworksBuildPhase;
			buildActionMask = 2147483647;
			files = (
				735FE176172E5542007AF6BB /* UIKit.framework in Frameworks */,
				735FE178172E5542007AF6BB /* Foundation.framework in Frameworks */,
				735FE17A172E5542007AF6BB /* CoreGraphics.framework in Frameworks */,
			);
			runOnlyForDeploymentPostprocessing = 0;
		};
		735FE197172E5542007AF6BB /* Frameworks */ = {
			isa = PBXFrameworksBuildPhase;
			buildActionMask = 2147483647;
			files = (
				735FE19D172E5542007AF6BB /* SenTestingKit.framework in Frameworks */,
				735FE19E172E5542007AF6BB /* UIKit.framework in Frameworks */,
				735FE19F172E5542007AF6BB /* Foundation.framework in Frameworks */,
				735FE1B4172E55AA007AF6BB /* OCHamcrestIOS.framework in Frameworks */,
				735FE1B6172E55BF007AF6BB /* OCMockitoIOS.framework in Frameworks */,
			);
			runOnlyForDeploymentPostprocessing = 0;
		};
/* End PBXFrameworksBuildPhase section */

/* Begin PBXGroup section */
		735FE169172E5542007AF6BB = {
			isa = PBXGroup;
			children = (
				734D0D371744F6860038F83C /* README.textile */,
				735FE17B172E5542007AF6BB /* BrowseOverflow */,
				735FE1A2172E5542007AF6BB /* BrowseOverflowTests */,
				735FE174172E5542007AF6BB /* Frameworks */,
				735FE173172E5542007AF6BB /* Products */,
			);
			sourceTree = "<group>";
		};
		735FE173172E5542007AF6BB /* Products */ = {
			isa = PBXGroup;
			children = (
				735FE172172E5542007AF6BB /* BrowseOverflow.app */,
				735FE19B172E5542007AF6BB /* BrowseOverflowTests.octest */,
			);
			name = Products;
			sourceTree = "<group>";
		};
		735FE174172E5542007AF6BB /* Frameworks */ = {
			isa = PBXGroup;
			children = (
				735FE1B5172E55BF007AF6BB /* OCMockitoIOS.framework */,
				735FE1B3172E55AA007AF6BB /* OCHamcrestIOS.framework */,
				735FE175172E5542007AF6BB /* UIKit.framework */,
				735FE177172E5542007AF6BB /* Foundation.framework */,
				735FE179172E5542007AF6BB /* CoreGraphics.framework */,
				735FE19C172E5542007AF6BB /* SenTestingKit.framework */,
			);
			name = Frameworks;
			sourceTree = "<group>";
		};
		735FE17B172E5542007AF6BB /* BrowseOverflow */ = {
			isa = PBXGroup;
			children = (
				73F3EE2C174CAA0200FE177F /* BrowseOverflowDelegate.h */,
				735FE184172E5542007AF6BB /* AppDelegate.h */,
				735FE185172E5542007AF6BB /* AppDelegate.m */,
				735FE18D172E5542007AF6BB /* MainStoryboard.storyboard */,
				735FE190172E5542007AF6BB /* BrowseOverflowViewController.h */,
				735FE191172E5542007AF6BB /* BrowseOverflowViewController.m */,
				735FE193172E5542007AF6BB /* DetailViewController.h */,
				735FE194172E5542007AF6BB /* DetailViewController.m */,
				735FE17C172E5542007AF6BB /* Supporting Files */,
				735FE1CA172EA71B007AF6BB /* Answer.h */,
				735FE1CB172EA71B007AF6BB /* Answer.m */,
				73EB3F48174BAA72009380D7 /* AnswerCell.h */,
				73EB3F49174BAA72009380D7 /* AnswerCell.m */,
				730225FC1746087A0084185D /* AvatarStore.h */,
				730225FD1746087A0084185D /* AvatarStore.m */,
				7302260217460B020084185D /* GravatarCommunicatorDelegate.h */,
				730225FF174608F00084185D /* GravatarCommunicator.h */,
				73022600174608F00084185D /* GravatarCommunicator.m */,
				735FE1C3172E727C007AF6BB /* Person.h */,
				735FE1C4172E727C007AF6BB /* Person.m */,
				735FE1BE172E6468007AF6BB /* Question.h */,
				735FE1BF172E6468007AF6BB /* Question.m */,
				73B352BF172FCE5C00C9EDB8 /* QuestionBuilder.h */,
				73B352C0172FCE5C00C9EDB8 /* QuestionBuilder.m */,
				73EB3F43174BA004009380D7 /* QuestionDetailCell.h */,
				73EB3F44174BA004009380D7 /* QuestionDetailCell.m */,
				73EB3F3E174B99A6009380D7 /* QuestionDetailProvider.h */,
				73EB3F3F174B99A6009380D7 /* QuestionDetailProvider.m */,
				73705ED717428E4800A0B87D /* QuestionSummaryCell.h */,
				73705ED817428E4800A0B87D /* QuestionSummaryCell.m */,
				73705ED11742504100A0B87D /* QuestionTableProvider.h */,
				73705ED21742504100A0B87D /* QuestionTableProvider.m */,
				7302260317460EC30084185D /* StackOverflowCommunicatorDelegate.h */,
				73B352B9172FAD1200C9EDB8 /* StackOverflowCommunicator.h */,
				73B352BA172FAD1200C9EDB8 /* StackOverflowCommunicator.m */,
				73B352BC172FB54D00C9EDB8 /* StackOverflowManagerDelegate.h */,
				73B352B6172F9AA600C9EDB8 /* StackOverflowManager.h */,
				73B352B7172F9AA600C9EDB8 /* StackOverflowManager.m */,
				735FE1B9172E565B007AF6BB /* Topic.h */,
				735FE1BA172E565B007AF6BB /* Topic.m */,
				73705ECB1742201000A0B87D /* TopicTableProvider.h */,
				73705ECC1742201000A0B87D /* TopicTableProvider.m */,
			);
			path = BrowseOverflow;
			sourceTree = "<group>";
		};
		735FE17C172E5542007AF6BB /* Supporting Files */ = {
			isa = PBXGroup;
			children = (
				7302260717461CAB0084185D /* JohnDoe.png */,
				7302260817461CAB0084185D /* JohnDoe@2x.png */,
				735FE17D172E5542007AF6BB /* BrowseOverflow-Info.plist */,
				735FE17E172E5542007AF6BB /* InfoPlist.strings */,
				735FE181172E5542007AF6BB /* main.m */,
				735FE183172E5542007AF6BB /* BrowseOverflow-Prefix.pch */,
				735FE187172E5542007AF6BB /* Default.png */,
				735FE189172E5542007AF6BB /* Default@2x.png */,
				735FE18B172E5542007AF6BB /* Default-568h@2x.png */,
			);
			name = "Supporting Files";
			sourceTree = "<group>";
		};
		735FE1A2172E5542007AF6BB /* BrowseOverflowTests */ = {
			isa = PBXGroup;
			children = (
				735FE1C8172EA712007AF6BB /* AnswerTest.m */,
				73EB3F4B174BAA89009380D7 /* AnswerCellTest.m */,
				7302260D17461EB60084185D /* AvatarStoreTest.m */,
				73F3EE2A174C9E8900FE177F /* BrowseOverflowAppDelegateTest.m */,
				73FCA0C5174100B3005F27CD /* BrowseOverflowViewControllerTest.m */,
				73EB3F3C174B50D5009380D7 /* GravatarCommunicatorTest.m */,
				735FE1C6172E7284007AF6BB /* PersonTest.m */,
				732F168B1733A11D006FEFA9 /* QuestionBuilderTest.m */,
				73B352B4172F9A8100C9EDB8 /* QuestionCreationWorkflowTest.m */,
				73EB3F46174BA048009380D7 /* QuestionDetailCellTest.m */,
				73EB3F41174B99BB009380D7 /* QuestionDetailProviderTest.m */,
				73705EDA1742904100A0B87D /* QuestionSummaryCellTest.m */,
				73705ED51742551600A0B87D /* QuestionTableProviderTest.m */,
				735FE1BC172E6444007AF6BB /* QuestionTest.m */,
				7312B8F3173A6B91009968F3 /* StackOverflowCommunicatorTest.m */,
				73705ECE1742210A00A0B87D /* TopicTableProviderTest.m */,
				735FE1B7172E55FB007AF6BB /* TopicTest.m */,
				736F685E1746292D008459E5 /* AvatarStore+TestExtension.h */,
				736F685F1746292D008459E5 /* AvatarStore+TestExtension.m */,
				73022604174614990084185D /* MockStackOverflowManagerDelegate.h */,
				73022605174614990084185D /* MockStackOverflowManagerDelegate.m */,
				73082BD41740C8CC00EAC78D /* NoNetworkStackOverflowCommunicator.h */,
				73082BD51740C8CC00EAC78D /* NoNetworkStackOverflowCommunicator.m */,
				73F3EE30174CF56300FE177F /* Question+TestExtension.h */,
				73F3EE31174CF56300FE177F /* Question+TestExtension.m */,
				735FE1A3172E5542007AF6BB /* Supporting Files */,
			);
			path = BrowseOverflowTests;
			sourceTree = "<group>";
		};
		735FE1A3172E5542007AF6BB /* Supporting Files */ = {
			isa = PBXGroup;
			children = (
				735FE1A4172E5542007AF6BB /* BrowseOverflowTests-Info.plist */,
				735FE1A5172E5542007AF6BB /* InfoPlist.strings */,
			);
			name = "Supporting Files";
			sourceTree = "<group>";
		};
/* End PBXGroup section */

/* Begin PBXNativeTarget section */
		735FE171172E5542007AF6BB /* BrowseOverflow */ = {
			isa = PBXNativeTarget;
			buildConfigurationList = 735FE1AD172E5542007AF6BB /* Build configuration list for PBXNativeTarget "BrowseOverflow" */;
			buildPhases = (
				735FE16E172E5542007AF6BB /* Sources */,
				735FE16F172E5542007AF6BB /* Frameworks */,
				735FE170172E5542007AF6BB /* Resources */,
			);
			buildRules = (
			);
			dependencies = (
			);
			name = BrowseOverflow;
			productName = BrowseOverflow;
			productReference = 735FE172172E5542007AF6BB /* BrowseOverflow.app */;
			productType = "com.apple.product-type.application";
		};
		735FE19A172E5542007AF6BB /* BrowseOverflowTests */ = {
			isa = PBXNativeTarget;
			buildConfigurationList = 735FE1B0172E5542007AF6BB /* Build configuration list for PBXNativeTarget "BrowseOverflowTests" */;
			buildPhases = (
				735FE196172E5542007AF6BB /* Sources */,
				735FE197172E5542007AF6BB /* Frameworks */,
				735FE198172E5542007AF6BB /* Resources */,
				735FE199172E5542007AF6BB /* ShellScript */,
			);
			buildRules = (
			);
			dependencies = (
				735FE1A1172E5542007AF6BB /* PBXTargetDependency */,
			);
			name = BrowseOverflowTests;
			productName = BrowseOverflowTests;
			productReference = 735FE19B172E5542007AF6BB /* BrowseOverflowTests.octest */;
			productType = "com.apple.product-type.bundle";
		};
/* End PBXNativeTarget section */

/* Begin PBXProject section */
		735FE16A172E5542007AF6BB /* Project object */ = {
			isa = PBXProject;
			attributes = {
				LastUpgradeCheck = 0460;
				ORGANIZATIONNAME = "RABE_IT Services";
			};
			buildConfigurationList = 735FE16D172E5542007AF6BB /* Build configuration list for PBXProject "BrowseOverflow" */;
			compatibilityVersion = "Xcode 3.2";
			developmentRegion = English;
			hasScannedForEncodings = 0;
			knownRegions = (
				en,
			);
			mainGroup = 735FE169172E5542007AF6BB;
			productRefGroup = 735FE173172E5542007AF6BB /* Products */;
			projectDirPath = "";
			projectRoot = "";
			targets = (
				735FE171172E5542007AF6BB /* BrowseOverflow */,
				735FE19A172E5542007AF6BB /* BrowseOverflowTests */,
			);
		};
/* End PBXProject section */

/* Begin PBXResourcesBuildPhase section */
		735FE170172E5542007AF6BB /* Resources */ = {
			isa = PBXResourcesBuildPhase;
			buildActionMask = 2147483647;
			files = (
				735FE180172E5542007AF6BB /* InfoPlist.strings in Resources */,
				735FE188172E5542007AF6BB /* Default.png in Resources */,
				735FE18A172E5542007AF6BB /* Default@2x.png in Resources */,
				735FE18C172E5542007AF6BB /* Default-568h@2x.png in Resources */,
				735FE18F172E5542007AF6BB /* MainStoryboard.storyboard in Resources */,
				734D0D381744F6860038F83C /* README.textile in Resources */,
				7302260917461CAB0084185D /* JohnDoe.png in Resources */,
				7302260A17461CAB0084185D /* JohnDoe@2x.png in Resources */,
			);
			runOnlyForDeploymentPostprocessing = 0;
		};
		735FE198172E5542007AF6BB /* Resources */ = {
			isa = PBXResourcesBuildPhase;
			buildActionMask = 2147483647;
			files = (
				735FE1A7172E5542007AF6BB /* InfoPlist.strings in Resources */,
				7302260B17461CB90084185D /* JohnDoe.png in Resources */,
				7302260C17461CBD0084185D /* JohnDoe@2x.png in Resources */,
			);
			runOnlyForDeploymentPostprocessing = 0;
		};
/* End PBXResourcesBuildPhase section */

/* Begin PBXShellScriptBuildPhase section */
		735FE199172E5542007AF6BB /* ShellScript */ = {
			isa = PBXShellScriptBuildPhase;
			buildActionMask = 2147483647;
			files = (
			);
			inputPaths = (
			);
			outputPaths = (
			);
			runOnlyForDeploymentPostprocessing = 0;
			shellPath = /bin/sh;
			shellScript = "# Run the unit tests in this test bundle.\n\"${SYSTEM_DEVELOPER_DIR}/Tools/RunUnitTests\"\n";
		};
/* End PBXShellScriptBuildPhase section */

/* Begin PBXSourcesBuildPhase section */
		735FE16E172E5542007AF6BB /* Sources */ = {
			isa = PBXSourcesBuildPhase;
			buildActionMask = 2147483647;
			files = (
				735FE182172E5542007AF6BB /* main.m in Sources */,
				735FE186172E5542007AF6BB /* AppDelegate.m in Sources */,
				735FE192172E5542007AF6BB /* BrowseOverflowViewController.m in Sources */,
				735FE195172E5542007AF6BB /* DetailViewController.m in Sources */,
				735FE1BB172E565B007AF6BB /* Topic.m in Sources */,
				735FE1C0172E6468007AF6BB /* Question.m in Sources */,
				735FE1C5172E727C007AF6BB /* Person.m in Sources */,
				735FE1CC172EA71B007AF6BB /* Answer.m in Sources */,
				73B352B8172F9AA600C9EDB8 /* StackOverflowManager.m in Sources */,
				73B352BB172FAD1200C9EDB8 /* StackOverflowCommunicator.m in Sources */,
				73B352C1172FCE5C00C9EDB8 /* QuestionBuilder.m in Sources */,
				73705ECD1742201000A0B87D /* TopicTableProvider.m in Sources */,
				73705ED31742504100A0B87D /* QuestionTableProvider.m in Sources */,
				73705ED917428E4800A0B87D /* QuestionSummaryCell.m in Sources */,
				730225FE1746087A0084185D /* AvatarStore.m in Sources */,
				73022601174608F00084185D /* GravatarCommunicator.m in Sources */,
				73EB3F40174B99A6009380D7 /* QuestionDetailProvider.m in Sources */,
				73EB3F45174BA005009380D7 /* QuestionDetailCell.m in Sources */,
				73EB3F4A174BAA72009380D7 /* AnswerCell.m in Sources */,
			);
			runOnlyForDeploymentPostprocessing = 0;
		};
		735FE196172E5542007AF6BB /* Sources */ = {
			isa = PBXSourcesBuildPhase;
			buildActionMask = 2147483647;
			files = (
				735FE1B8172E55FB007AF6BB /* TopicTest.m in Sources */,
				735FE1BD172E6444007AF6BB /* QuestionTest.m in Sources */,
				735FE1C7172E7284007AF6BB /* PersonTest.m in Sources */,
				735FE1C9172EA712007AF6BB /* AnswerTest.m in Sources */,
				73B352B5172F9A8100C9EDB8 /* QuestionCreationWorkflowTest.m in Sources */,
				732F168C1733A11D006FEFA9 /* QuestionBuilderTest.m in Sources */,
				7312B8F4173A6B91009968F3 /* StackOverflowCommunicatorTest.m in Sources */,
				73C12EAE1740CC53005BDD1E /* NoNetworkStackOverflowCommunicator.m in Sources */,
				73FCA0C6174100B3005F27CD /* BrowseOverflowViewControllerTest.m in Sources */,
				73705ECF1742210A00A0B87D /* TopicTableProviderTest.m in Sources */,
				73705ED61742551600A0B87D /* QuestionTableProviderTest.m in Sources */,
				73705EDB1742904100A0B87D /* QuestionSummaryCellTest.m in Sources */,
				73022606174614990084185D /* MockStackOverflowManagerDelegate.m in Sources */,
				7302260E17461EB60084185D /* AvatarStoreTest.m in Sources */,
				736F68601746292D008459E5 /* AvatarStore+TestExtension.m in Sources */,
				73EB3F3D174B50D5009380D7 /* GravatarCommunicatorTest.m in Sources */,
				73EB3F42174B99BC009380D7 /* QuestionDetailProviderTest.m in Sources */,
				73EB3F47174BA048009380D7 /* QuestionDetailCellTest.m in Sources */,
				73EB3F4C174BAA89009380D7 /* AnswerCellTest.m in Sources */,
				73F3EE2B174C9E8900FE177F /* BrowseOverflowAppDelegateTest.m in Sources */,
				73F3EE32174CF56300FE177F /* Question+TestExtension.m in Sources */,
			);
			runOnlyForDeploymentPostprocessing = 0;
		};
/* End PBXSourcesBuildPhase section */

/* Begin PBXTargetDependency section */
		735FE1A1172E5542007AF6BB /* PBXTargetDependency */ = {
			isa = PBXTargetDependency;
			target = 735FE171172E5542007AF6BB /* BrowseOverflow */;
			targetProxy = 735FE1A0172E5542007AF6BB /* PBXContainerItemProxy */;
		};
/* End PBXTargetDependency section */

/* Begin PBXVariantGroup section */
		735FE17E172E5542007AF6BB /* InfoPlist.strings */ = {
			isa = PBXVariantGroup;
			children = (
				735FE17F172E5542007AF6BB /* en */,
			);
			name = InfoPlist.strings;
			sourceTree = "<group>";
		};
		735FE18D172E5542007AF6BB /* MainStoryboard.storyboard */ = {
			isa = PBXVariantGroup;
			children = (
				735FE18E172E5542007AF6BB /* en */,
			);
			name = MainStoryboard.storyboard;
			sourceTree = "<group>";
		};
		735FE1A5172E5542007AF6BB /* InfoPlist.strings */ = {
			isa = PBXVariantGroup;
			children = (
				735FE1A6172E5542007AF6BB /* en */,
			);
			name = InfoPlist.strings;
			sourceTree = "<group>";
		};
/* End PBXVariantGroup section */

/* Begin XCBuildConfiguration section */
		735FE1AB172E5542007AF6BB /* Debug */ = {
			isa = XCBuildConfiguration;
			buildSettings = {
				ALWAYS_SEARCH_USER_PATHS = NO;
				CLANG_CXX_LANGUAGE_STANDARD = "gnu++0x";
				CLANG_CXX_LIBRARY = "libc++";
				CLANG_ENABLE_OBJC_ARC = YES;
				CLANG_WARN_CONSTANT_CONVERSION = YES;
				CLANG_WARN_EMPTY_BODY = YES;
				CLANG_WARN_ENUM_CONVERSION = YES;
				CLANG_WARN_INT_CONVERSION = YES;
				CLANG_WARN__DUPLICATE_METHOD_MATCH = YES;
				"CODE_SIGN_IDENTITY[sdk=iphoneos*]" = "iPhone Developer";
				COPY_PHASE_STRIP = NO;
				GCC_C_LANGUAGE_STANDARD = gnu99;
				GCC_DYNAMIC_NO_PIC = NO;
				GCC_OPTIMIZATION_LEVEL = 0;
				GCC_PREPROCESSOR_DEFINITIONS = (
					"DEBUG=1",
					"$(inherited)",
				);
				GCC_SYMBOLS_PRIVATE_EXTERN = NO;
				GCC_WARN_ABOUT_RETURN_TYPE = YES;
				GCC_WARN_UNINITIALIZED_AUTOS = YES;
				GCC_WARN_UNUSED_VARIABLE = YES;
				IPHONEOS_DEPLOYMENT_TARGET = 6.1;
				ONLY_ACTIVE_ARCH = YES;
				SDKROOT = iphoneos;
			};
			name = Debug;
		};
		735FE1AC172E5542007AF6BB /* Release */ = {
			isa = XCBuildConfiguration;
			buildSettings = {
				ALWAYS_SEARCH_USER_PATHS = NO;
				CLANG_CXX_LANGUAGE_STANDARD = "gnu++0x";
				CLANG_CXX_LIBRARY = "libc++";
				CLANG_ENABLE_OBJC_ARC = YES;
				CLANG_WARN_CONSTANT_CONVERSION = YES;
				CLANG_WARN_EMPTY_BODY = YES;
				CLANG_WARN_ENUM_CONVERSION = YES;
				CLANG_WARN_INT_CONVERSION = YES;
				CLANG_WARN__DUPLICATE_METHOD_MATCH = YES;
				"CODE_SIGN_IDENTITY[sdk=iphoneos*]" = "iPhone Developer";
				COPY_PHASE_STRIP = YES;
				GCC_C_LANGUAGE_STANDARD = gnu99;
				GCC_WARN_ABOUT_RETURN_TYPE = YES;
				GCC_WARN_UNINITIALIZED_AUTOS = YES;
				GCC_WARN_UNUSED_VARIABLE = YES;
				IPHONEOS_DEPLOYMENT_TARGET = 6.1;
				OTHER_CFLAGS = "-DNS_BLOCK_ASSERTIONS=1";
				SDKROOT = iphoneos;
				VALIDATE_PRODUCT = YES;
			};
			name = Release;
		};
		735FE1AE172E5542007AF6BB /* Debug */ = {
			isa = XCBuildConfiguration;
			buildSettings = {
				GCC_PRECOMPILE_PREFIX_HEADER = YES;
				GCC_PREFIX_HEADER = "BrowseOverflow/BrowseOverflow-Prefix.pch";
				INFOPLIST_FILE = "BrowseOverflow/BrowseOverflow-Info.plist";
				PRODUCT_NAME = "$(TARGET_NAME)";
				WRAPPER_EXTENSION = app;
			};
			name = Debug;
		};
		735FE1AF172E5542007AF6BB /* Release */ = {
			isa = XCBuildConfiguration;
			buildSettings = {
				GCC_PRECOMPILE_PREFIX_HEADER = YES;
				GCC_PREFIX_HEADER = "BrowseOverflow/BrowseOverflow-Prefix.pch";
				INFOPLIST_FILE = "BrowseOverflow/BrowseOverflow-Info.plist";
				PRODUCT_NAME = "$(TARGET_NAME)";
				WRAPPER_EXTENSION = app;
			};
			name = Release;
		};
		735FE1B1172E5542007AF6BB /* Debug */ = {
			isa = XCBuildConfiguration;
			buildSettings = {
				BUNDLE_LOADER = "$(BUILT_PRODUCTS_DIR)/BrowseOverflow.app/BrowseOverflow";
				FRAMEWORK_SEARCH_PATHS = (
					"\"$(SDKROOT)/Developer/Library/Frameworks\"",
					"\"$(DEVELOPER_LIBRARY_DIR)/Frameworks\"",
					"\"$(SRCROOT)/../../Helper/OCHamcrest-2.0.0\"",
					"\"$(SRCROOT)/../../Helper/OCMockito-0.23\"",
				);
				GCC_PRECOMPILE_PREFIX_HEADER = YES;
				GCC_PREFIX_HEADER = "BrowseOverflow/BrowseOverflow-Prefix.pch";
				INFOPLIST_FILE = "BrowseOverflowTests/BrowseOverflowTests-Info.plist";
				PRODUCT_NAME = "$(TARGET_NAME)";
				TEST_HOST = "$(BUNDLE_LOADER)";
				WRAPPER_EXTENSION = octest;
			};
			name = Debug;
		};
		735FE1B2172E5542007AF6BB /* Release */ = {
			isa = XCBuildConfiguration;
			buildSettings = {
				BUNDLE_LOADER = "$(BUILT_PRODUCTS_DIR)/BrowseOverflow.app/BrowseOverflow";
				FRAMEWORK_SEARCH_PATHS = (
					"\"$(SDKROOT)/Developer/Library/Frameworks\"",
					"\"$(DEVELOPER_LIBRARY_DIR)/Frameworks\"",
					"\"$(SRCROOT)/../../Helper/OCHamcrest-2.0.0\"",
					"\"$(SRCROOT)/../../Helper/OCMockito-0.23\"",
				);
				GCC_PRECOMPILE_PREFIX_HEADER = YES;
				GCC_PREFIX_HEADER = "BrowseOverflow/BrowseOverflow-Prefix.pch";
				INFOPLIST_FILE = "BrowseOverflowTests/BrowseOverflowTests-Info.plist";
				PRODUCT_NAME = "$(TARGET_NAME)";
				TEST_HOST = "$(BUNDLE_LOADER)";
				WRAPPER_EXTENSION = octest;
			};
			name = Release;
		};
/* End XCBuildConfiguration section */

/* Begin XCConfigurationList section */
		735FE16D172E5542007AF6BB /* Build configuration list for PBXProject "BrowseOverflow" */ = {
			isa = XCConfigurationList;
			buildConfigurations = (
				735FE1AB172E5542007AF6BB /* Debug */,
				735FE1AC172E5542007AF6BB /* Release */,
			);
			defaultConfigurationIsVisible = 0;
			defaultConfigurationName = Release;
		};
		735FE1AD172E5542007AF6BB /* Build configuration list for PBXNativeTarget "BrowseOverflow" */ = {
			isa = XCConfigurationList;
			buildConfigurations = (
				735FE1AE172E5542007AF6BB /* Debug */,
				735FE1AF172E5542007AF6BB /* Release */,
			);
			defaultConfigurationIsVisible = 0;
			defaultConfigurationName = Release;
		};
		735FE1B0172E5542007AF6BB /* Build configuration list for PBXNativeTarget "BrowseOverflowTests" */ = {
			isa = XCConfigurationList;
			buildConfigurations = (
				735FE1B1172E5542007AF6BB /* Debug */,
				735FE1B2172E5542007AF6BB /* Release */,
			);
			defaultConfigurationIsVisible = 0;
			defaultConfigurationName = Release;
		};
/* End XCConfigurationList section */
	};
	rootObject = 735FE16A172E5542007AF6BB /* Project object */;
}
